
Microsoft Visual Studio Solution File, Format Version 12.00
# Visual Studio Version 16
VisualStudioVersion = 16.0.30011.22
MinimumVisualStudioVersion = 10.0.40219.1
Project("{FAE04EC0-301F-11D3-BF4B-00C04F79EFBC}") = "stud-bud-back", "stud-bud-back\stud-bud-back.csproj", "{67B341A5-E67F-485E-8855-22643A5DF60B}"
EndProject
Global
	GlobalSection(SolutionConfigurationPlatforms) = preSolution
		Debug|Any CPU = Debug|Any CPU
		Release|Any CPU = Release|Any CPU
	EndGlobalSection
	GlobalSection(ProjectConfigurationPlatforms) = postSolution
		{67B341A5-E67F-485E-8855-22643A5DF60B}.Debug|Any CPU.ActiveCfg = Debug|Any CPU
		{67B341A5-E67F-485E-8855-22643A5DF60B}.Debug|Any CPU.Build.0 = Debug|Any CPU
		{67B341A5-E67F-485E-8855-22643A5DF60B}.Release|Any CPU.ActiveCfg = Release|Any CPU
		{67B341A5-E67F-485E-8855-22643A5DF60B}.Release|Any CPU.Build.0 = Release|Any CPU
	EndGlobalSection
	GlobalSection(SolutionProperties) = preSolution
		HideSolutionNode = FALSE
	EndGlobalSection
	GlobalSection(ExtensibilityGlobals) = postSolution
		SolutionGuid = {C2FD6EED-234D-41F3-B079-F2D704F2150E}
	EndGlobalSection
EndGlobal
